
Microsoft Visual Studio Solution File, Format Version 12.00
# Visual Studio Version 16
VisualStudioVersion = 16.0.31624.102
MinimumVisualStudioVersion = 10.0.40219.1
Project("{9A19103F-16F7-4668-BE54-9A1E7A4F7556}") = "LibraryJeuDeRole", "LibraryJeuDeRole\LibraryJeuDeRole.csproj", "{834E1266-F75B-42D6-BF5A-973DCF0AF240}"
EndProject
Project("{FAE04EC0-301F-11D3-BF4B-00C04F79EFBC}") = "Tests", "Tests\Tests.csproj", "{536D4FA7-B5BE-46B0-97C4-19E35170A15F}"
EndProject
Global
	GlobalSection(SolutionConfigurationPlatforms) = preSolution
		Debug|Any CPU = Debug|Any CPU
		Release|Any CPU = Release|Any CPU
	EndGlobalSection
	GlobalSection(ProjectConfigurationPlatforms) = postSolution
		{834E1266-F75B-42D6-BF5A-973DCF0AF240}.Debug|Any CPU.ActiveCfg = Debug|Any CPU
		{834E1266-F75B-42D6-BF5A-973DCF0AF240}.Debug|Any CPU.Build.0 = Debug|Any CPU
		{834E1266-F75B-42D6-BF5A-973DCF0AF240}.Release|Any CPU.ActiveCfg = Release|Any CPU
		{834E1266-F75B-42D6-BF5A-973DCF0AF240}.Release|Any CPU.Build.0 = Release|Any CPU
		{536D4FA7-B5BE-46B0-97C4-19E35170A15F}.Debug|Any CPU.ActiveCfg = Debug|Any CPU
		{536D4FA7-B5BE-46B0-97C4-19E35170A15F}.Debug|Any CPU.Build.0 = Debug|Any CPU
		{536D4FA7-B5BE-46B0-97C4-19E35170A15F}.Release|Any CPU.ActiveCfg = Release|Any CPU
		{536D4FA7-B5BE-46B0-97C4-19E35170A15F}.Release|Any CPU.Build.0 = Release|Any CPU
	EndGlobalSection
	GlobalSection(SolutionProperties) = preSolution
		HideSolutionNode = FALSE
	EndGlobalSection
	GlobalSection(ExtensibilityGlobals) = postSolution
		SolutionGuid = {4DE73C96-5B5C-4524-9512-DF97BFC1FC28}
	EndGlobalSection
EndGlobal
